
Microsoft Visual Studio Solution File, Format Version 12.00
# Visual Studio Version 17
VisualStudioVersion = 17.8.34316.72
MinimumVisualStudioVersion = 10.0.40219.1
Project("{9A19103F-16F7-4668-BE54-9A1E7A4F7556}") = "SCADA", "SCADA\SCADA.csproj", "{A60B4FEF-3D67-4A35-BF5F-C8022F85049C}"
EndProject
Global
	GlobalSection(SolutionConfigurationPlatforms) = preSolution
		Debug|Any CPU = Debug|Any CPU
		Release|Any CPU = Release|Any CPU
	EndGlobalSection
	GlobalSection(ProjectConfigurationPlatforms) = postSolution
		{A60B4FEF-3D67-4A35-BF5F-C8022F85049C}.Debug|Any CPU.ActiveCfg = Debug|Any CPU
		{A60B4FEF-3D67-4A35-BF5F-C8022F85049C}.Debug|Any CPU.Build.0 = Debug|Any CPU
		{A60B4FEF-3D67-4A35-BF5F-C8022F85049C}.Release|Any CPU.ActiveCfg = Release|Any CPU
		{A60B4FEF-3D67-4A35-BF5F-C8022F85049C}.Release|Any CPU.Build.0 = Release|Any CPU
	EndGlobalSection
	GlobalSection(SolutionProperties) = preSolution
		HideSolutionNode = FALSE
	EndGlobalSection
	GlobalSection(ExtensibilityGlobals) = postSolution
		SolutionGuid = {5C836AC1-1F26-4973-BEC9-AE9A857DE26C}
	EndGlobalSection
EndGlobal
